{
  "version": "4",
  "specifiers": {
    "jsr:@justinmchase/serializable@~0.3.13": "0.3.13",
    "jsr:@justinmchase/type@~0.2.4": "0.2.4",
    "jsr:@std/assert@^1.0.10": "1.0.10",
    "jsr:@std/crypto@^1.0.3": "1.0.3",
    "jsr:@std/encoding@^1.0.6": "1.0.6",
    "jsr:@std/internal@^1.0.5": "1.0.5",
    "jsr:@std/path@^1.0.8": "1.0.8"
  },
  "jsr": {
    "@justinmchase/serializable@0.3.13": {
      "integrity": "fdddf4a87ec11c75ee528f6c530f3e4209c072ec089f2fc11392e15b197ef93c",
      "dependencies": [
        "jsr:@justinmchase/type"
      ]
    },
    "@justinmchase/type@0.2.4": {
      "integrity": "4852b04a1f8f905110e361392cd90a9f965e45eb0872fa84987b2a987f363cf5"
    },
    "@std/assert@1.0.10": {
      "integrity": "59b5cbac5bd55459a19045d95cc7c2ff787b4f8527c0dd195078ff6f9481fbb3",
      "dependencies": [
        "jsr:@std/internal"
      ]
    },
    "@std/crypto@1.0.3": {
      "integrity": "a2a32f51ddef632d299e3879cd027c630dcd4d1d9a5285d6e6788072f4e51e7f"
    },
    "@std/encoding@1.0.6": {
      "integrity": "ca87122c196e8831737d9547acf001766618e78cd8c33920776c7f5885546069"
    },
    "@std/internal@1.0.5": {
      "integrity": "54a546004f769c1ac9e025abd15a76b6671ddc9687e2313b67376125650dc7ba"
    },
    "@std/path@1.0.8": {
      "integrity": "548fa456bb6a04d3c1a1e7477986b6cffbce95102d0bb447c67c4ee70e0364be"
    }
  },
  "workspace": {
    "dependencies": [
      "jsr:@justinmchase/serializable@~0.3.13",
      "jsr:@justinmchase/type@~0.2.4",
      "jsr:@std/assert@^1.0.10",
      "jsr:@std/crypto@^1.0.3",
      "jsr:@std/encoding@^1.0.6",
      "jsr:@std/path@^1.0.8"
    ]
  }
}
